// !$*UTF8*$!
{
	archiveVersion = 1;
	classes = {
	};
	objectVersion = 77;
	objects = {

/* Begin PBXContainerItemProxy section */
		2BDF2AFF2DD63B8000AC451B /* PBXContainerItemProxy */ = {
			isa = PBXContainerItemProxy;
			containerPortal = 2BDF2AE92DD63B7E00AC451B /* Project object */;
			proxyType = 1;
			remoteGlobalIDString = 2BDF2AF02DD63B7E00AC451B;
			remoteInfo = "SwiftUI Animations";
		};
		2BDF2B092DD63B8000AC451B /* PBXContainerItemProxy */ = {
			isa = PBXContainerItemProxy;
			containerPortal = 2BDF2AE92DD63B7E00AC451B /* Project object */;
			proxyType = 1;
			remoteGlobalIDString = 2BDF2AF02DD63B7E00AC451B;
			remoteInfo = "SwiftUI Animations";
		};
/* End PBXContainerItemProxy section */

/* Begin PBXFileReference section */
		2BDF2AF12DD63B7E00AC451B /* SwiftUI Animations.app */ = {isa = PBXFileReference; explicitFileType = wrapper.application; includeInIndex = 0; path = "SwiftUI Animations.app"; sourceTree = BUILT_PRODUCTS_DIR; };
		2BDF2AFE2DD63B8000AC451B /* SwiftUI AnimationsTests.xctest */ = {isa = PBXFileReference; explicitFileType = wrapper.cfbundle; includeInIndex = 0; path = "SwiftUI AnimationsTests.xctest"; sourceTree = BUILT_PRODUCTS_DIR; };
		2BDF2B082DD63B8000AC451B /* SwiftUI AnimationsUITests.xctest */ = {isa = PBXFileReference; explicitFileType = wrapper.cfbundle; includeInIndex = 0; path = "SwiftUI AnimationsUITests.xctest"; sourceTree = BUILT_PRODUCTS_DIR; };
/* End PBXFileReference section */

/* Begin PBXFileSystemSynchronizedRootGroup section */
		2BDF2AF32DD63B7E00AC451B /* SwiftUI Animations */ = {
			isa = PBXFileSystemSynchronizedRootGroup;
			path = "SwiftUI Animations";
			sourceTree = "<group>";
		};
		2BDF2B012DD63B8000AC451B /* SwiftUI AnimationsTests */ = {
			isa = PBXFileSystemSynchronizedRootGroup;
			path = "SwiftUI AnimationsTests";
			sourceTree = "<group>";
		};
		2BDF2B0B2DD63B8000AC451B /* SwiftUI AnimationsUITests */ = {
			isa = PBXFileSystemSynchronizedRootGroup;
			path = "SwiftUI AnimationsUITests";
			sourceTree = "<group>";
		};
/* End PBXFileSystemSynchronizedRootGroup section */

/* Begin PBXFrameworksBuildPhase section */
		2BDF2AEE2DD63B7E00AC451B /* Frameworks */ = {
			isa = PBXFrameworksBuildPhase;
			buildActionMask = 2147483647;
			files = (
			);
			runOnlyForDeploymentPostprocessing = 0;
		};
		2BDF2AFB2DD63B8000AC451B /* Frameworks */ = {
			isa = PBXFrameworksBuildPhase;
			buildActionMask = 2147483647;
			files = (
			);
			runOnlyForDeploymentPostprocessing = 0;
		};
		2BDF2B052DD63B8000AC451B /* Frameworks */ = {
			isa = PBXFrameworksBuildPhase;
			buildActionMask = 2147483647;
			files = (
			);
			runOnlyForDeploymentPostprocessing = 0;
		};
/* End PBXFrameworksBuildPhase section */

/* Begin PBXGroup section */
		2BDF2AE82DD63B7E00AC451B = {
			isa = PBXGroup;
			children = (
				2BDF2AF32DD63B7E00AC451B /* SwiftUI Animations */,
				2BDF2B012DD63B8000AC451B /* SwiftUI AnimationsTests */,
				2BDF2B0B2DD63B8000AC451B /* SwiftUI AnimationsUITests */,
				2BDF2AF22DD63B7E00AC451B /* Products */,
			);
			sourceTree = "<group>";
		};
		2BDF2AF22DD63B7E00AC451B /* Products */ = {
			isa = PBXGroup;
			children = (
				2BDF2AF12DD63B7E00AC451B /* SwiftUI Animations.app */,
				2BDF2AFE2DD63B8000AC451B /* SwiftUI AnimationsTests.xctest */,
				2BDF2B082DD63B8000AC451B /* SwiftUI AnimationsUITests.xctest */,
			);
			name = Products;
			sourceTree = "<group>";
		};
/* End PBXGroup section */

/* Begin PBXNativeTarget section */
		2BDF2AF02DD63B7E00AC451B /* SwiftUI Animations */ = {
			isa = PBXNativeTarget;
			buildConfigurationList = 2BDF2B122DD63B8000AC451B /* Build configuration list for PBXNativeTarget "SwiftUI Animations" */;
			buildPhases = (
				2BDF2AED2DD63B7E00AC451B /* Sources */,
				2BDF2AEE2DD63B7E00AC451B /* Frameworks */,
				2BDF2AEF2DD63B7E00AC451B /* Resources */,
			);
			buildRules = (
			);
			dependencies = (
			);
			fileSystemSynchronizedGroups = (
				2BDF2AF32DD63B7E00AC451B /* SwiftUI Animations */,
			);
			name = "SwiftUI Animations";
			packageProductDependencies = (
			);
			productName = "SwiftUI Animations";
			productReference = 2BDF2AF12DD63B7E00AC451B /* SwiftUI Animations.app */;
			productType = "com.apple.product-type.application";
		};
		2BDF2AFD2DD63B8000AC451B /* SwiftUI AnimationsTests */ = {
			isa = PBXNativeTarget;
			buildConfigurationList = 2BDF2B152DD63B8000AC451B /* Build configuration list for PBXNativeTarget "SwiftUI AnimationsTests" */;
			buildPhases = (
				2BDF2AFA2DD63B8000AC451B /* Sources */,
				2BDF2AFB2DD63B8000AC451B /* Frameworks */,
				2BDF2AFC2DD63B8000AC451B /* Resources */,
			);
			buildRules = (
			);
			dependencies = (
				2BDF2B002DD63B8000AC451B /* PBXTargetDependency */,
			);
			fileSystemSynchronizedGroups = (
				2BDF2B012DD63B8000AC451B /* SwiftUI AnimationsTests */,
			);
			name = "SwiftUI AnimationsTests";
			packageProductDependencies = (
			);
			productName = "SwiftUI AnimationsTests";
			productReference = 2BDF2AFE2DD63B8000AC451B /* SwiftUI AnimationsTests.xctest */;
			productType = "com.apple.product-type.bundle.unit-test";
		};
		2BDF2B072DD63B8000AC451B /* SwiftUI AnimationsUITests */ = {
			isa = PBXNativeTarget;
			buildConfigurationList = 2BDF2B182DD63B8000AC451B /* Build configuration list for PBXNativeTarget "SwiftUI AnimationsUITests" */;
			buildPhases = (
				2BDF2B042DD63B8000AC451B /* Sources */,
				2BDF2B052DD63B8000AC451B /* Frameworks */,
				2BDF2B062DD63B8000AC451B /* Resources */,
			);
			buildRules = (
			);
			dependencies = (
				2BDF2B0A2DD63B8000AC451B /* PBXTargetDependency */,
			);
			fileSystemSynchronizedGroups = (
				2BDF2B0B2DD63B8000AC451B /* SwiftUI AnimationsUITests */,
			);
			name = "SwiftUI AnimationsUITests";
			packageProductDependencies = (
			);
			productName = "SwiftUI AnimationsUITests";
			productReference = 2BDF2B082DD63B8000AC451B /* SwiftUI AnimationsUITests.xctest */;
			productType = "com.apple.product-type.bundle.ui-testing";
		};
/* End PBXNativeTarget section */

/* Begin PBXProject section */
		2BDF2AE92DD63B7E00AC451B /* Project object */ = {
			isa = PBXProject;
			attributes = {
				BuildIndependentTargetsInParallel = 1;
				LastSwiftUpdateCheck = 1630;
				LastUpgradeCheck = 1630;
				TargetAttributes = {
					2BDF2AF02DD63B7E00AC451B = {
						CreatedOnToolsVersion = 16.3;
					};
					2BDF2AFD2DD63B8000AC451B = {
						CreatedOnToolsVersion = 16.3;
						TestTargetID = 2BDF2AF02DD63B7E00AC451B;
					};
					2BDF2B072DD63B8000AC451B = {
						CreatedOnToolsVersion = 16.3;
						TestTargetID = 2BDF2AF02DD63B7E00AC451B;
					};
				};
			};
			buildConfigurationList = 2BDF2AEC2DD63B7E00AC451B /* Build configuration list for PBXProject "SwiftUI Animations" */;
			developmentRegion = en;
			hasScannedForEncodings = 0;
			knownRegions = (
				en,
				Base,
			);
			mainGroup = 2BDF2AE82DD63B7E00AC451B;
			minimizedProjectReferenceProxies = 1;
			preferredProjectObjectVersion = 77;
			productRefGroup = 2BDF2AF22DD63B7E00AC451B /* Products */;
			projectDirPath = "";
			projectRoot = "";
			targets = (
				2BDF2AF02DD63B7E00AC451B /* SwiftUI Animations */,
				2BDF2AFD2DD63B8000AC451B /* SwiftUI AnimationsTests */,
				2BDF2B072DD63B8000AC451B /* SwiftUI AnimationsUITests */,
			);
		};
/* End PBXProject section */

/* Begin PBXResourcesBuildPhase section */
		2BDF2AEF2DD63B7E00AC451B /* Resources */ = {
			isa = PBXResourcesBuildPhase;
			buildActionMask = 2147483647;
			files = (
			);
			runOnlyForDeploymentPostprocessing = 0;
		};
		2BDF2AFC2DD63B8000AC451B /* Resources */ = {
			isa = PBXResourcesBuildPhase;
			buildActionMask = 2147483647;
			files = (
			);
			runOnlyForDeploymentPostprocessing = 0;
		};
		2BDF2B062DD63B8000AC451B /* Resources */ = {
			isa = PBXResourcesBuildPhase;
			buildActionMask = 2147483647;
			files = (
			);
			runOnlyForDeploymentPostprocessing = 0;
		};
/* End PBXResourcesBuildPhase section */

/* Begin PBXSourcesBuildPhase section */
		2BDF2AED2DD63B7E00AC451B /* Sources */ = {
			isa = PBXSourcesBuildPhase;
			buildActionMask = 2147483647;
			files = (
			);
			runOnlyForDeploymentPostprocessing = 0;
		};
		2BDF2AFA2DD63B8000AC451B /* Sources */ = {
			isa = PBXSourcesBuildPhase;
			buildActionMask = 2147483647;
			files = (
			);
			runOnlyForDeploymentPostprocessing = 0;
		};
		2BDF2B042DD63B8000AC451B /* Sources */ = {
			isa = PBXSourcesBuildPhase;
			buildActionMask = 2147483647;
			files = (
			);
			runOnlyForDeploymentPostprocessing = 0;
		};
/* End PBXSourcesBuildPhase section */

/* Begin PBXTargetDependency section */
		2BDF2B002DD63B8000AC451B /* PBXTargetDependency */ = {
			isa = PBXTargetDependency;
			target = 2BDF2AF02DD63B7E00AC451B /* SwiftUI Animations */;
			targetProxy = 2BDF2AFF2DD63B8000AC451B /* PBXContainerItemProxy */;
		};
		2BDF2B0A2DD63B8000AC451B /* PBXTargetDependency */ = {
			isa = PBXTargetDependency;
			target = 2BDF2AF02DD63B7E00AC451B /* SwiftUI Animations */;
			targetProxy = 2BDF2B092DD63B8000AC451B /* PBXContainerItemProxy */;
		};
/* End PBXTargetDependency section */

/* Begin XCBuildConfiguration section */
		2BDF2B102DD63B8000AC451B /* Debug */ = {
			isa = XCBuildConfiguration;
			buildSettings = {
				ALWAYS_SEARCH_USER_PATHS = NO;
				ASSETCATALOG_COMPILER_GENERATE_SWIFT_ASSET_SYMBOL_EXTENSIONS = YES;
				CLANG_ANALYZER_NONNULL = YES;
				CLANG_ANALYZER_NUMBER_OBJECT_CONVERSION = YES_AGGRESSIVE;
				CLANG_CXX_LANGUAGE_STANDARD = "gnu++20";
				CLANG_ENABLE_MODULES = YES;
				CLANG_ENABLE_OBJC_ARC = YES;
				CLANG_ENABLE_OBJC_WEAK = YES;
				CLANG_WARN_BLOCK_CAPTURE_AUTORELEASING = YES;
				CLANG_WARN_BOOL_CONVERSION = YES;
				CLANG_WARN_COMMA = YES;
				CLANG_WARN_CONSTANT_CONVERSION = YES;
				CLANG_WARN_DEPRECATED_OBJC_IMPLEMENTATIONS = YES;
				CLANG_WARN_DIRECT_OBJC_ISA_USAGE = YES_ERROR;
				CLANG_WARN_DOCUMENTATION_COMMENTS = YES;
				CLANG_WARN_EMPTY_BODY = YES;
				CLANG_WARN_ENUM_CONVERSION = YES;
				CLANG_WARN_INFINITE_RECURSION = YES;
				CLANG_WARN_INT_CONVERSION = YES;
				CLANG_WARN_NON_LITERAL_NULL_CONVERSION = YES;
				CLANG_WARN_OBJC_IMPLICIT_RETAIN_SELF = YES;
				CLANG_WARN_OBJC_LITERAL_CONVERSION = YES;
				CLANG_WARN_OBJC_ROOT_CLASS = YES_ERROR;
				CLANG_WARN_QUOTED_INCLUDE_IN_FRAMEWORK_HEADER = YES;
				CLANG_WARN_RANGE_LOOP_ANALYSIS = YES;
				CLANG_WARN_STRICT_PROTOTYPES = YES;
				CLANG_WARN_SUSPICIOUS_MOVE = YES;
				CLANG_WARN_UNGUARDED_AVAILABILITY = YES_AGGRESSIVE;
				CLANG_WARN_UNREACHABLE_CODE = YES;
				CLANG_WARN__DUPLICATE_METHOD_MATCH = YES;
				COPY_PHASE_STRIP = NO;
				DEBUG_INFORMATION_FORMAT = dwarf;
				DEVELOPMENT_TEAM = 3FAXVU863A;
				ENABLE_STRICT_OBJC_MSGSEND = YES;
				ENABLE_TESTABILITY = YES;
				ENABLE_USER_SCRIPT_SANDBOXING = YES;
				GCC_C_LANGUAGE_STANDARD = gnu17;
				GCC_DYNAMIC_NO_PIC = NO;
				GCC_NO_COMMON_BLOCKS = YES;
				GCC_OPTIMIZATION_LEVEL = 0;
				GCC_PREPROCESSOR_DEFINITIONS = (
					"DEBUG=1",
					"$(inherited)",
				);
				GCC_WARN_64_TO_32_BIT_CONVERSION = YES;
				GCC_WARN_ABOUT_RETURN_TYPE = YES_ERROR;
				GCC_WARN_UNDECLARED_SELECTOR = YES;
				GCC_WARN_UNINITIALIZED_AUTOS = YES_AGGRESSIVE;
				GCC_WARN_UNUSED_FUNCTION = YES;
				GCC_WARN_UNUSED_VARIABLE = YES;
				IPHONEOS_DEPLOYMENT_TARGET = 18.4;
				LOCALIZATION_PREFERS_STRING_CATALOGS = YES;
				MTL_ENABLE_DEBUG_INFO = INCLUDE_SOURCE;
				MTL_FAST_MATH = YES;
				ONLY_ACTIVE_ARCH = YES;
				SDKROOT = iphoneos;
				SWIFT_ACTIVE_COMPILATION_CONDITIONS = "DEBUG $(inherited)";
				SWIFT_OPTIMIZATION_LEVEL = "-Onone";
			};
			name = Debug;
		};
		2BDF2B112DD63B8000AC451B /* Release */ = {
			isa = XCBuildConfiguration;
			buildSettings = {
				ALWAYS_SEARCH_USER_PATHS = NO;
				ASSETCATALOG_COMPILER_GENERATE_SWIFT_ASSET_SYMBOL_EXTENSIONS = YES;
				CLANG_ANALYZER_NONNULL = YES;
				CLANG_ANALYZER_NUMBER_OBJECT_CONVERSION = YES_AGGRESSIVE;
				CLANG_CXX_LANGUAGE_STANDARD = "gnu++20";
				CLANG_ENABLE_MODULES = YES;
				CLANG_ENABLE_OBJC_ARC = YES;
				CLANG_ENABLE_OBJC_WEAK = YES;
				CLANG_WARN_BLOCK_CAPTURE_AUTORELEASING = YES;
				CLANG_WARN_BOOL_CONVERSION = YES;
				CLANG_WARN_COMMA = YES;
				CLANG_WARN_CONSTANT_CONVERSION = YES;
				CLANG_WARN_DEPRECATED_OBJC_IMPLEMENTATIONS = YES;
				CLANG_WARN_DIRECT_OBJC_ISA_USAGE = YES_ERROR;
				CLANG_WARN_DOCUMENTATION_COMMENTS = YES;
				CLANG_WARN_EMPTY_BODY = YES;
				CLANG_WARN_ENUM_CONVERSION = YES;
				CLANG_WARN_INFINITE_RECURSION = YES;
				CLANG_WARN_INT_CONVERSION = YES;
				CLANG_WARN_NON_LITERAL_NULL_CONVERSION = YES;
				CLANG_WARN_OBJC_IMPLICIT_RETAIN_SELF = YES;
				CLANG_WARN_OBJC_LITERAL_CONVERSION = YES;
				CLANG_WARN_OBJC_ROOT_CLASS = YES_ERROR;
				CLANG_WARN_QUOTED_INCLUDE_IN_FRAMEWORK_HEADER = YES;
				CLANG_WARN_RANGE_LOOP_ANALYSIS = YES;
				CLANG_WARN_STRICT_PROTOTYPES = YES;
				CLANG_WARN_SUSPICIOUS_MOVE = YES;
				CLANG_WARN_UNGUARDED_AVAILABILITY = YES_AGGRESSIVE;
				CLANG_WARN_UNREACHABLE_CODE = YES;
				CLANG_WARN__DUPLICATE_METHOD_MATCH = YES;
				COPY_PHASE_STRIP = NO;
				DEBUG_INFORMATION_FORMAT = "dwarf-with-dsym";
				DEVELOPMENT_TEAM = 3FAXVU863A;
				ENABLE_NS_ASSERTIONS = NO;
				ENABLE_STRICT_OBJC_MSGSEND = YES;
				ENABLE_USER_SCRIPT_SANDBOXING = YES;
				GCC_C_LANGUAGE_STANDARD = gnu17;
				GCC_NO_COMMON_BLOCKS = YES;
				GCC_WARN_64_TO_32_BIT_CONVERSION = YES;
				GCC_WARN_ABOUT_RETURN_TYPE = YES_ERROR;
				GCC_WARN_UNDECLARED_SELECTOR = YES;
				GCC_WARN_UNINITIALIZED_AUTOS = YES_AGGRESSIVE;
				GCC_WARN_UNUSED_FUNCTION = YES;
				GCC_WARN_UNUSED_VARIABLE = YES;
				IPHONEOS_DEPLOYMENT_TARGET = 18.4;
				LOCALIZATION_PREFERS_STRING_CATALOGS = YES;
				MTL_ENABLE_DEBUG_INFO = NO;
				MTL_FAST_MATH = YES;
				SDKROOT = iphoneos;
				SWIFT_COMPILATION_MODE = wholemodule;
				VALIDATE_PRODUCT = YES;
			};
			name = Release;
		};
		2BDF2B132DD63B8000AC451B /* Debug */ = {
			isa = XCBuildConfiguration;
			buildSettings = {
				ASSETCATALOG_COMPILER_APPICON_NAME = AppIcon;
				ASSETCATALOG_COMPILER_GLOBAL_ACCENT_COLOR_NAME = AccentColor;
				CODE_SIGN_STYLE = Automatic;
				CURRENT_PROJECT_VERSION = 1;
				DEVELOPMENT_TEAM = 3FAXVU863A;
				ENABLE_PREVIEWS = YES;
				GENERATE_INFOPLIST_FILE = YES;
				INFOPLIST_KEY_UIApplicationSceneManifest_Generation = YES;
				INFOPLIST_KEY_UIApplicationSupportsIndirectInputEvents = YES;
				INFOPLIST_KEY_UILaunchScreen_Generation = YES;
				INFOPLIST_KEY_UISupportedInterfaceOrientations_iPad = "UIInterfaceOrientationPortrait UIInterfaceOrientationPortraitUpsideDown UIInterfaceOrientationLandscapeLeft UIInterfaceOrientationLandscapeRight";
				INFOPLIST_KEY_UISupportedInterfaceOrientations_iPhone = "UIInterfaceOrientationPortrait UIInterfaceOrientationLandscapeLeft UIInterfaceOrientationLandscapeRight";
				LD_RUNPATH_SEARCH_PATHS = (
					"$(inherited)",
					"@executable_path/Frameworks",
				);
				MARKETING_VERSION = 1.0;
				PRODUCT_BUNDLE_IDENTIFIER = "com.jestindorius.SwiftUI-Animations";
				PRODUCT_NAME = "$(TARGET_NAME)";
				SWIFT_EMIT_LOC_STRINGS = YES;
				SWIFT_VERSION = 5.0;
				TARGETED_DEVICE_FAMILY = "1,2";
			};
			name = Debug;
		};
		2BDF2B142DD63B8000AC451B /* Release */ = {
			isa = XCBuildConfiguration;
			buildSettings = {
				ASSETCATALOG_COMPILER_APPICON_NAME = AppIcon;
				ASSETCATALOG_COMPILER_GLOBAL_ACCENT_COLOR_NAME = AccentColor;
				CODE_SIGN_STYLE = Automatic;
				CURRENT_PROJECT_VERSION = 1;
				DEVELOPMENT_TEAM = 3FAXVU863A;
				ENABLE_PREVIEWS = YES;
				GENERATE_INFOPLIST_FILE = YES;
				INFOPLIST_KEY_UIApplicationSceneManifest_Generation = YES;
				INFOPLIST_KEY_UIApplicationSupportsIndirectInputEvents = YES;
				INFOPLIST_KEY_UILaunchScreen_Generation = YES;
				INFOPLIST_KEY_UISupportedInterfaceOrientations_iPad = "UIInterfaceOrientationPortrait UIInterfaceOrientationPortraitUpsideDown UIInterfaceOrientationLandscapeLeft UIInterfaceOrientationLandscapeRight";
				INFOPLIST_KEY_UISupportedInterfaceOrientations_iPhone = "UIInterfaceOrientationPortrait UIInterfaceOrientationLandscapeLeft UIInterfaceOrientationLandscapeRight";
				LD_RUNPATH_SEARCH_PATHS = (
					"$(inherited)",
					"@executable_path/Frameworks",
				);
				MARKETING_VERSION = 1.0;
				PRODUCT_BUNDLE_IDENTIFIER = "com.jestindorius.SwiftUI-Animations";
				PRODUCT_NAME = "$(TARGET_NAME)";
				SWIFT_EMIT_LOC_STRINGS = YES;
				SWIFT_VERSION = 5.0;
				TARGETED_DEVICE_FAMILY = "1,2";
			};
			name = Release;
		};
		2BDF2B162DD63B8000AC451B /* Debug */ = {
			isa = XCBuildConfiguration;
			buildSettings = {
				BUNDLE_LOADER = "$(TEST_HOST)";
				CODE_SIGN_STYLE = Automatic;
				CURRENT_PROJECT_VERSION = 1;
				DEVELOPMENT_TEAM = 3FAXVU863A;
				GENERATE_INFOPLIST_FILE = YES;
				IPHONEOS_DEPLOYMENT_TARGET = 18.4;
				MARKETING_VERSION = 1.0;
				PRODUCT_BUNDLE_IDENTIFIER = "com.jestindorius.SwiftUI-AnimationsTests";
				PRODUCT_NAME = "$(TARGET_NAME)";
				SWIFT_EMIT_LOC_STRINGS = NO;
				SWIFT_VERSION = 5.0;
				TARGETED_DEVICE_FAMILY = "1,2";
				TEST_HOST = "$(BUILT_PRODUCTS_DIR)/SwiftUI Animations.app/$(BUNDLE_EXECUTABLE_FOLDER_PATH)/SwiftUI Animations";
			};
			name = Debug;
		};
		2BDF2B172DD63B8000AC451B /* Release */ = {
			isa = XCBuildConfiguration;
			buildSettings = {
				BUNDLE_LOADER = "$(TEST_HOST)";
				CODE_SIGN_STYLE = Automatic;
				CURRENT_PROJECT_VERSION = 1;
				DEVELOPMENT_TEAM = 3FAXVU863A;
				GENERATE_INFOPLIST_FILE = YES;
				IPHONEOS_DEPLOYMENT_TARGET = 18.4;
				MARKETING_VERSION = 1.0;
				PRODUCT_BUNDLE_IDENTIFIER = "com.jestindorius.SwiftUI-AnimationsTests";
				PRODUCT_NAME = "$(TARGET_NAME)";
				SWIFT_EMIT_LOC_STRINGS = NO;
				SWIFT_VERSION = 5.0;
				TARGETED_DEVICE_FAMILY = "1,2";
				TEST_HOST = "$(BUILT_PRODUCTS_DIR)/SwiftUI Animations.app/$(BUNDLE_EXECUTABLE_FOLDER_PATH)/SwiftUI Animations";
			};
			name = Release;
		};
		2BDF2B192DD63B8000AC451B /* Debug */ = {
			isa = XCBuildConfiguration;
			buildSettings = {
				CODE_SIGN_STYLE = Automatic;
				CURRENT_PROJECT_VERSION = 1;
				DEVELOPMENT_TEAM = 3FAXVU863A;
				GENERATE_INFOPLIST_FILE = YES;
				MARKETING_VERSION = 1.0;
				PRODUCT_BUNDLE_IDENTIFIER = "com.jestindorius.SwiftUI-AnimationsUITests";
				PRODUCT_NAME = "$(TARGET_NAME)";
				SWIFT_EMIT_LOC_STRINGS = NO;
				SWIFT_VERSION = 5.0;
				TARGETED_DEVICE_FAMILY = "1,2";
				TEST_TARGET_NAME = "SwiftUI Animations";
			};
			name = Debug;
		};
		2BDF2B1A2DD63B8000AC451B /* Release */ = {
			isa = XCBuildConfiguration;
			buildSettings = {
				CODE_SIGN_STYLE = Automatic;
				CURRENT_PROJECT_VERSION = 1;
				DEVELOPMENT_TEAM = 3FAXVU863A;
				GENERATE_INFOPLIST_FILE = YES;
				MARKETING_VERSION = 1.0;
				PRODUCT_BUNDLE_IDENTIFIER = "com.jestindorius.SwiftUI-AnimationsUITests";
				PRODUCT_NAME = "$(TARGET_NAME)";
				SWIFT_EMIT_LOC_STRINGS = NO;
				SWIFT_VERSION = 5.0;
				TARGETED_DEVICE_FAMILY = "1,2";
				TEST_TARGET_NAME = "SwiftUI Animations";
			};
			name = Release;
		};
/* End XCBuildConfiguration section */

/* Begin XCConfigurationList section */
		2BDF2AEC2DD63B7E00AC451B /* Build configuration list for PBXProject "SwiftUI Animations" */ = {
			isa = XCConfigurationList;
			buildConfigurations = (
				2BDF2B102DD63B8000AC451B /* Debug */,
				2BDF2B112DD63B8000AC451B /* Release */,
			);
			defaultConfigurationIsVisible = 0;
			defaultConfigurationName = Release;
		};
		2BDF2B122DD63B8000AC451B /* Build configuration list for PBXNativeTarget "SwiftUI Animations" */ = {
			isa = XCConfigurationList;
			buildConfigurations = (
				2BDF2B132DD63B8000AC451B /* Debug */,
				2BDF2B142DD63B8000AC451B /* Release */,
			);
			defaultConfigurationIsVisible = 0;
			defaultConfigurationName = Release;
		};
		2BDF2B152DD63B8000AC451B /* Build configuration list for PBXNativeTarget "SwiftUI AnimationsTests" */ = {
			isa = XCConfigurationList;
			buildConfigurations = (
				2BDF2B162DD63B8000AC451B /* Debug */,
				2BDF2B172DD63B8000AC451B /* Release */,
			);
			defaultConfigurationIsVisible = 0;
			defaultConfigurationName = Release;
		};
		2BDF2B182DD63B8000AC451B /* Build configuration list for PBXNativeTarget "SwiftUI AnimationsUITests" */ = {
			isa = XCConfigurationList;
			buildConfigurations = (
				2BDF2B192DD63B8000AC451B /* Debug */,
				2BDF2B1A2DD63B8000AC451B /* Release */,
			);
			defaultConfigurationIsVisible = 0;
			defaultConfigurationName = Release;
		};
/* End XCConfigurationList section */
	};
	rootObject = 2BDF2AE92DD63B7E00AC451B /* Project object */;
}
