// !$*UTF8*$!
{
	archiveVersion = 1;
	classes = {
	};
	objectVersion = 77;
	objects = {

/* Begin PBXContainerItemProxy section */
		2B73895D2DD941A800E59990 /* PBXContainerItemProxy */ = {
			isa = PBXContainerItemProxy;
			containerPortal = 2B7389472DD941A600E59990 /* Project object */;
			proxyType = 1;
			remoteGlobalIDString = 2B73894E2DD941A600E59990;
			remoteInfo = "RandomAPIsPart-2";
		};
		2B7389672DD941A800E59990 /* PBXContainerItemProxy */ = {
			isa = PBXContainerItemProxy;
			containerPortal = 2B7389472DD941A600E59990 /* Project object */;
			proxyType = 1;
			remoteGlobalIDString = 2B73894E2DD941A600E59990;
			remoteInfo = "RandomAPIsPart-2";
		};
/* End PBXContainerItemProxy section */

/* Begin PBXFileReference section */
		2B73894F2DD941A600E59990 /* RandomAPIsPart-2.app */ = {isa = PBXFileReference; explicitFileType = wrapper.application; includeInIndex = 0; path = "RandomAPIsPart-2.app"; sourceTree = BUILT_PRODUCTS_DIR; };
		2B73895C2DD941A800E59990 /* RandomAPIsPart-2Tests.xctest */ = {isa = PBXFileReference; explicitFileType = wrapper.cfbundle; includeInIndex = 0; path = "RandomAPIsPart-2Tests.xctest"; sourceTree = BUILT_PRODUCTS_DIR; };
		2B7389662DD941A800E59990 /* RandomAPIsPart-2UITests.xctest */ = {isa = PBXFileReference; explicitFileType = wrapper.cfbundle; includeInIndex = 0; path = "RandomAPIsPart-2UITests.xctest"; sourceTree = BUILT_PRODUCTS_DIR; };
/* End PBXFileReference section */

/* Begin PBXFileSystemSynchronizedRootGroup section */
		2B7389512DD941A600E59990 /* RandomAPIsPart-2 */ = {
			isa = PBXFileSystemSynchronizedRootGroup;
			path = "RandomAPIsPart-2";
			sourceTree = "<group>";
		};
		2B73895F2DD941A800E59990 /* RandomAPIsPart-2Tests */ = {
			isa = PBXFileSystemSynchronizedRootGroup;
			path = "RandomAPIsPart-2Tests";
			sourceTree = "<group>";
		};
		2B7389692DD941A800E59990 /* RandomAPIsPart-2UITests */ = {
			isa = PBXFileSystemSynchronizedRootGroup;
			path = "RandomAPIsPart-2UITests";
			sourceTree = "<group>";
		};
/* End PBXFileSystemSynchronizedRootGroup section */

/* Begin PBXFrameworksBuildPhase section */
		2B73894C2DD941A600E59990 /* Frameworks */ = {
			isa = PBXFrameworksBuildPhase;
			buildActionMask = 2147483647;
			files = (
			);
			runOnlyForDeploymentPostprocessing = 0;
		};
		2B7389592DD941A800E59990 /* Frameworks */ = {
			isa = PBXFrameworksBuildPhase;
			buildActionMask = 2147483647;
			files = (
			);
			runOnlyForDeploymentPostprocessing = 0;
		};
		2B7389632DD941A800E59990 /* Frameworks */ = {
			isa = PBXFrameworksBuildPhase;
			buildActionMask = 2147483647;
			files = (
			);
			runOnlyForDeploymentPostprocessing = 0;
		};
/* End PBXFrameworksBuildPhase section */

/* Begin PBXGroup section */
		2B7389462DD941A600E59990 = {
			isa = PBXGroup;
			children = (
				2B7389512DD941A600E59990 /* RandomAPIsPart-2 */,
				2B73895F2DD941A800E59990 /* RandomAPIsPart-2Tests */,
				2B7389692DD941A800E59990 /* RandomAPIsPart-2UITests */,
				2B7389502DD941A600E59990 /* Products */,
			);
			sourceTree = "<group>";
		};
		2B7389502DD941A600E59990 /* Products */ = {
			isa = PBXGroup;
			children = (
				2B73894F2DD941A600E59990 /* RandomAPIsPart-2.app */,
				2B73895C2DD941A800E59990 /* RandomAPIsPart-2Tests.xctest */,
				2B7389662DD941A800E59990 /* RandomAPIsPart-2UITests.xctest */,
			);
			name = Products;
			sourceTree = "<group>";
		};
/* End PBXGroup section */

/* Begin PBXNativeTarget section */
		2B73894E2DD941A600E59990 /* RandomAPIsPart-2 */ = {
			isa = PBXNativeTarget;
			buildConfigurationList = 2B7389702DD941A800E59990 /* Build configuration list for PBXNativeTarget "RandomAPIsPart-2" */;
			buildPhases = (
				2B73894B2DD941A600E59990 /* Sources */,
				2B73894C2DD941A600E59990 /* Frameworks */,
				2B73894D2DD941A600E59990 /* Resources */,
			);
			buildRules = (
			);
			dependencies = (
			);
			fileSystemSynchronizedGroups = (
				2B7389512DD941A600E59990 /* RandomAPIsPart-2 */,
			);
			name = "RandomAPIsPart-2";
			packageProductDependencies = (
			);
			productName = "RandomAPIsPart-2";
			productReference = 2B73894F2DD941A600E59990 /* RandomAPIsPart-2.app */;
			productType = "com.apple.product-type.application";
		};
		2B73895B2DD941A800E59990 /* RandomAPIsPart-2Tests */ = {
			isa = PBXNativeTarget;
			buildConfigurationList = 2B7389732DD941A800E59990 /* Build configuration list for PBXNativeTarget "RandomAPIsPart-2Tests" */;
			buildPhases = (
				2B7389582DD941A800E59990 /* Sources */,
				2B7389592DD941A800E59990 /* Frameworks */,
				2B73895A2DD941A800E59990 /* Resources */,
			);
			buildRules = (
			);
			dependencies = (
				2B73895E2DD941A800E59990 /* PBXTargetDependency */,
			);
			fileSystemSynchronizedGroups = (
				2B73895F2DD941A800E59990 /* RandomAPIsPart-2Tests */,
			);
			name = "RandomAPIsPart-2Tests";
			packageProductDependencies = (
			);
			productName = "RandomAPIsPart-2Tests";
			productReference = 2B73895C2DD941A800E59990 /* RandomAPIsPart-2Tests.xctest */;
			productType = "com.apple.product-type.bundle.unit-test";
		};
		2B7389652DD941A800E59990 /* RandomAPIsPart-2UITests */ = {
			isa = PBXNativeTarget;
			buildConfigurationList = 2B7389762DD941A800E59990 /* Build configuration list for PBXNativeTarget "RandomAPIsPart-2UITests" */;
			buildPhases = (
				2B7389622DD941A800E59990 /* Sources */,
				2B7389632DD941A800E59990 /* Frameworks */,
				2B7389642DD941A800E59990 /* Resources */,
			);
			buildRules = (
			);
			dependencies = (
				2B7389682DD941A800E59990 /* PBXTargetDependency */,
			);
			fileSystemSynchronizedGroups = (
				2B7389692DD941A800E59990 /* RandomAPIsPart-2UITests */,
			);
			name = "RandomAPIsPart-2UITests";
			packageProductDependencies = (
			);
			productName = "RandomAPIsPart-2UITests";
			productReference = 2B7389662DD941A800E59990 /* RandomAPIsPart-2UITests.xctest */;
			productType = "com.apple.product-type.bundle.ui-testing";
		};
/* End PBXNativeTarget section */

/* Begin PBXProject section */
		2B7389472DD941A600E59990 /* Project object */ = {
			isa = PBXProject;
			attributes = {
				BuildIndependentTargetsInParallel = 1;
				LastSwiftUpdateCheck = 1630;
				LastUpgradeCheck = 1630;
				TargetAttributes = {
					2B73894E2DD941A600E59990 = {
						CreatedOnToolsVersion = 16.3;
					};
					2B73895B2DD941A800E59990 = {
						CreatedOnToolsVersion = 16.3;
						TestTargetID = 2B73894E2DD941A600E59990;
					};
					2B7389652DD941A800E59990 = {
						CreatedOnToolsVersion = 16.3;
						TestTargetID = 2B73894E2DD941A600E59990;
					};
				};
			};
			buildConfigurationList = 2B73894A2DD941A600E59990 /* Build configuration list for PBXProject "RandomAPIsPart-2" */;
			developmentRegion = en;
			hasScannedForEncodings = 0;
			knownRegions = (
				en,
				Base,
			);
			mainGroup = 2B7389462DD941A600E59990;
			minimizedProjectReferenceProxies = 1;
			preferredProjectObjectVersion = 77;
			productRefGroup = 2B7389502DD941A600E59990 /* Products */;
			projectDirPath = "";
			projectRoot = "";
			targets = (
				2B73894E2DD941A600E59990 /* RandomAPIsPart-2 */,
				2B73895B2DD941A800E59990 /* RandomAPIsPart-2Tests */,
				2B7389652DD941A800E59990 /* RandomAPIsPart-2UITests */,
			);
		};
/* End PBXProject section */

/* Begin PBXResourcesBuildPhase section */
		2B73894D2DD941A600E59990 /* Resources */ = {
			isa = PBXResourcesBuildPhase;
			buildActionMask = 2147483647;
			files = (
			);
			runOnlyForDeploymentPostprocessing = 0;
		};
		2B73895A2DD941A800E59990 /* Resources */ = {
			isa = PBXResourcesBuildPhase;
			buildActionMask = 2147483647;
			files = (
			);
			runOnlyForDeploymentPostprocessing = 0;
		};
		2B7389642DD941A800E59990 /* Resources */ = {
			isa = PBXResourcesBuildPhase;
			buildActionMask = 2147483647;
			files = (
			);
			runOnlyForDeploymentPostprocessing = 0;
		};
/* End PBXResourcesBuildPhase section */

/* Begin PBXSourcesBuildPhase section */
		2B73894B2DD941A600E59990 /* Sources */ = {
			isa = PBXSourcesBuildPhase;
			buildActionMask = 2147483647;
			files = (
			);
			runOnlyForDeploymentPostprocessing = 0;
		};
		2B7389582DD941A800E59990 /* Sources */ = {
			isa = PBXSourcesBuildPhase;
			buildActionMask = 2147483647;
			files = (
			);
			runOnlyForDeploymentPostprocessing = 0;
		};
		2B7389622DD941A800E59990 /* Sources */ = {
			isa = PBXSourcesBuildPhase;
			buildActionMask = 2147483647;
			files = (
			);
			runOnlyForDeploymentPostprocessing = 0;
		};
/* End PBXSourcesBuildPhase section */

/* Begin PBXTargetDependency section */
		2B73895E2DD941A800E59990 /* PBXTargetDependency */ = {
			isa = PBXTargetDependency;
			target = 2B73894E2DD941A600E59990 /* RandomAPIsPart-2 */;
			targetProxy = 2B73895D2DD941A800E59990 /* PBXContainerItemProxy */;
		};
		2B7389682DD941A800E59990 /* PBXTargetDependency */ = {
			isa = PBXTargetDependency;
			target = 2B73894E2DD941A600E59990 /* RandomAPIsPart-2 */;
			targetProxy = 2B7389672DD941A800E59990 /* PBXContainerItemProxy */;
		};
/* End PBXTargetDependency section */

/* Begin XCBuildConfiguration section */
		2B73896E2DD941A800E59990 /* Debug */ = {
			isa = XCBuildConfiguration;
			buildSettings = {
				ALWAYS_SEARCH_USER_PATHS = NO;
				ASSETCATALOG_COMPILER_GENERATE_SWIFT_ASSET_SYMBOL_EXTENSIONS = YES;
				CLANG_ANALYZER_NONNULL = YES;
				CLANG_ANALYZER_NUMBER_OBJECT_CONVERSION = YES_AGGRESSIVE;
				CLANG_CXX_LANGUAGE_STANDARD = "gnu++20";
				CLANG_ENABLE_MODULES = YES;
				CLANG_ENABLE_OBJC_ARC = YES;
				CLANG_ENABLE_OBJC_WEAK = YES;
				CLANG_WARN_BLOCK_CAPTURE_AUTORELEASING = YES;
				CLANG_WARN_BOOL_CONVERSION = YES;
				CLANG_WARN_COMMA = YES;
				CLANG_WARN_CONSTANT_CONVERSION = YES;
				CLANG_WARN_DEPRECATED_OBJC_IMPLEMENTATIONS = YES;
				CLANG_WARN_DIRECT_OBJC_ISA_USAGE = YES_ERROR;
				CLANG_WARN_DOCUMENTATION_COMMENTS = YES;
				CLANG_WARN_EMPTY_BODY = YES;
				CLANG_WARN_ENUM_CONVERSION = YES;
				CLANG_WARN_INFINITE_RECURSION = YES;
				CLANG_WARN_INT_CONVERSION = YES;
				CLANG_WARN_NON_LITERAL_NULL_CONVERSION = YES;
				CLANG_WARN_OBJC_IMPLICIT_RETAIN_SELF = YES;
				CLANG_WARN_OBJC_LITERAL_CONVERSION = YES;
				CLANG_WARN_OBJC_ROOT_CLASS = YES_ERROR;
				CLANG_WARN_QUOTED_INCLUDE_IN_FRAMEWORK_HEADER = YES;
				CLANG_WARN_RANGE_LOOP_ANALYSIS = YES;
				CLANG_WARN_STRICT_PROTOTYPES = YES;
				CLANG_WARN_SUSPICIOUS_MOVE = YES;
				CLANG_WARN_UNGUARDED_AVAILABILITY = YES_AGGRESSIVE;
				CLANG_WARN_UNREACHABLE_CODE = YES;
				CLANG_WARN__DUPLICATE_METHOD_MATCH = YES;
				COPY_PHASE_STRIP = NO;
				DEBUG_INFORMATION_FORMAT = dwarf;
				DEVELOPMENT_TEAM = 3FAXVU863A;
				ENABLE_STRICT_OBJC_MSGSEND = YES;
				ENABLE_TESTABILITY = YES;
				ENABLE_USER_SCRIPT_SANDBOXING = YES;
				GCC_C_LANGUAGE_STANDARD = gnu17;
				GCC_DYNAMIC_NO_PIC = NO;
				GCC_NO_COMMON_BLOCKS = YES;
				GCC_OPTIMIZATION_LEVEL = 0;
				GCC_PREPROCESSOR_DEFINITIONS = (
					"DEBUG=1",
					"$(inherited)",
				);
				GCC_WARN_64_TO_32_BIT_CONVERSION = YES;
				GCC_WARN_ABOUT_RETURN_TYPE = YES_ERROR;
				GCC_WARN_UNDECLARED_SELECTOR = YES;
				GCC_WARN_UNINITIALIZED_AUTOS = YES_AGGRESSIVE;
				GCC_WARN_UNUSED_FUNCTION = YES;
				GCC_WARN_UNUSED_VARIABLE = YES;
				IPHONEOS_DEPLOYMENT_TARGET = 18.4;
				LOCALIZATION_PREFERS_STRING_CATALOGS = YES;
				MTL_ENABLE_DEBUG_INFO = INCLUDE_SOURCE;
				MTL_FAST_MATH = YES;
				ONLY_ACTIVE_ARCH = YES;
				SDKROOT = iphoneos;
				SWIFT_ACTIVE_COMPILATION_CONDITIONS = "DEBUG $(inherited)";
				SWIFT_OPTIMIZATION_LEVEL = "-Onone";
			};
			name = Debug;
		};
		2B73896F2DD941A800E59990 /* Release */ = {
			isa = XCBuildConfiguration;
			buildSettings = {
				ALWAYS_SEARCH_USER_PATHS = NO;
				ASSETCATALOG_COMPILER_GENERATE_SWIFT_ASSET_SYMBOL_EXTENSIONS = YES;
				CLANG_ANALYZER_NONNULL = YES;
				CLANG_ANALYZER_NUMBER_OBJECT_CONVERSION = YES_AGGRESSIVE;
				CLANG_CXX_LANGUAGE_STANDARD = "gnu++20";
				CLANG_ENABLE_MODULES = YES;
				CLANG_ENABLE_OBJC_ARC = YES;
				CLANG_ENABLE_OBJC_WEAK = YES;
				CLANG_WARN_BLOCK_CAPTURE_AUTORELEASING = YES;
				CLANG_WARN_BOOL_CONVERSION = YES;
				CLANG_WARN_COMMA = YES;
				CLANG_WARN_CONSTANT_CONVERSION = YES;
				CLANG_WARN_DEPRECATED_OBJC_IMPLEMENTATIONS = YES;
				CLANG_WARN_DIRECT_OBJC_ISA_USAGE = YES_ERROR;
				CLANG_WARN_DOCUMENTATION_COMMENTS = YES;
				CLANG_WARN_EMPTY_BODY = YES;
				CLANG_WARN_ENUM_CONVERSION = YES;
				CLANG_WARN_INFINITE_RECURSION = YES;
				CLANG_WARN_INT_CONVERSION = YES;
				CLANG_WARN_NON_LITERAL_NULL_CONVERSION = YES;
				CLANG_WARN_OBJC_IMPLICIT_RETAIN_SELF = YES;
				CLANG_WARN_OBJC_LITERAL_CONVERSION = YES;
				CLANG_WARN_OBJC_ROOT_CLASS = YES_ERROR;
				CLANG_WARN_QUOTED_INCLUDE_IN_FRAMEWORK_HEADER = YES;
				CLANG_WARN_RANGE_LOOP_ANALYSIS = YES;
				CLANG_WARN_STRICT_PROTOTYPES = YES;
				CLANG_WARN_SUSPICIOUS_MOVE = YES;
				CLANG_WARN_UNGUARDED_AVAILABILITY = YES_AGGRESSIVE;
				CLANG_WARN_UNREACHABLE_CODE = YES;
				CLANG_WARN__DUPLICATE_METHOD_MATCH = YES;
				COPY_PHASE_STRIP = NO;
				DEBUG_INFORMATION_FORMAT = "dwarf-with-dsym";
				DEVELOPMENT_TEAM = 3FAXVU863A;
				ENABLE_NS_ASSERTIONS = NO;
				ENABLE_STRICT_OBJC_MSGSEND = YES;
				ENABLE_USER_SCRIPT_SANDBOXING = YES;
				GCC_C_LANGUAGE_STANDARD = gnu17;
				GCC_NO_COMMON_BLOCKS = YES;
				GCC_WARN_64_TO_32_BIT_CONVERSION = YES;
				GCC_WARN_ABOUT_RETURN_TYPE = YES_ERROR;
				GCC_WARN_UNDECLARED_SELECTOR = YES;
				GCC_WARN_UNINITIALIZED_AUTOS = YES_AGGRESSIVE;
				GCC_WARN_UNUSED_FUNCTION = YES;
				GCC_WARN_UNUSED_VARIABLE = YES;
				IPHONEOS_DEPLOYMENT_TARGET = 18.4;
				LOCALIZATION_PREFERS_STRING_CATALOGS = YES;
				MTL_ENABLE_DEBUG_INFO = NO;
				MTL_FAST_MATH = YES;
				SDKROOT = iphoneos;
				SWIFT_COMPILATION_MODE = wholemodule;
				VALIDATE_PRODUCT = YES;
			};
			name = Release;
		};
		2B7389712DD941A800E59990 /* Debug */ = {
			isa = XCBuildConfiguration;
			buildSettings = {
				ASSETCATALOG_COMPILER_APPICON_NAME = AppIcon;
				ASSETCATALOG_COMPILER_GLOBAL_ACCENT_COLOR_NAME = AccentColor;
				CODE_SIGN_STYLE = Automatic;
				CURRENT_PROJECT_VERSION = 1;
				DEVELOPMENT_TEAM = 3FAXVU863A;
				ENABLE_PREVIEWS = YES;
				GENERATE_INFOPLIST_FILE = YES;
				INFOPLIST_KEY_UIApplicationSceneManifest_Generation = YES;
				INFOPLIST_KEY_UIApplicationSupportsIndirectInputEvents = YES;
				INFOPLIST_KEY_UILaunchScreen_Generation = YES;
				INFOPLIST_KEY_UISupportedInterfaceOrientations_iPad = "UIInterfaceOrientationPortrait UIInterfaceOrientationPortraitUpsideDown UIInterfaceOrientationLandscapeLeft UIInterfaceOrientationLandscapeRight";
				INFOPLIST_KEY_UISupportedInterfaceOrientations_iPhone = "UIInterfaceOrientationPortrait UIInterfaceOrientationLandscapeLeft UIInterfaceOrientationLandscapeRight";
				LD_RUNPATH_SEARCH_PATHS = (
					"$(inherited)",
					"@executable_path/Frameworks",
				);
				MARKETING_VERSION = 1.0;
				PRODUCT_BUNDLE_IDENTIFIER = "com.jestindorius.RandomAPIsPart-2";
				PRODUCT_NAME = "$(TARGET_NAME)";
				SWIFT_EMIT_LOC_STRINGS = YES;
				SWIFT_VERSION = 5.0;
				TARGETED_DEVICE_FAMILY = "1,2";
			};
			name = Debug;
		};
		2B7389722DD941A800E59990 /* Release */ = {
			isa = XCBuildConfiguration;
			buildSettings = {
				ASSETCATALOG_COMPILER_APPICON_NAME = AppIcon;
				ASSETCATALOG_COMPILER_GLOBAL_ACCENT_COLOR_NAME = AccentColor;
				CODE_SIGN_STYLE = Automatic;
				CURRENT_PROJECT_VERSION = 1;
				DEVELOPMENT_TEAM = 3FAXVU863A;
				ENABLE_PREVIEWS = YES;
				GENERATE_INFOPLIST_FILE = YES;
				INFOPLIST_KEY_UIApplicationSceneManifest_Generation = YES;
				INFOPLIST_KEY_UIApplicationSupportsIndirectInputEvents = YES;
				INFOPLIST_KEY_UILaunchScreen_Generation = YES;
				INFOPLIST_KEY_UISupportedInterfaceOrientations_iPad = "UIInterfaceOrientationPortrait UIInterfaceOrientationPortraitUpsideDown UIInterfaceOrientationLandscapeLeft UIInterfaceOrientationLandscapeRight";
				INFOPLIST_KEY_UISupportedInterfaceOrientations_iPhone = "UIInterfaceOrientationPortrait UIInterfaceOrientationLandscapeLeft UIInterfaceOrientationLandscapeRight";
				LD_RUNPATH_SEARCH_PATHS = (
					"$(inherited)",
					"@executable_path/Frameworks",
				);
				MARKETING_VERSION = 1.0;
				PRODUCT_BUNDLE_IDENTIFIER = "com.jestindorius.RandomAPIsPart-2";
				PRODUCT_NAME = "$(TARGET_NAME)";
				SWIFT_EMIT_LOC_STRINGS = YES;
				SWIFT_VERSION = 5.0;
				TARGETED_DEVICE_FAMILY = "1,2";
			};
			name = Release;
		};
		2B7389742DD941A800E59990 /* Debug */ = {
			isa = XCBuildConfiguration;
			buildSettings = {
				BUNDLE_LOADER = "$(TEST_HOST)";
				CODE_SIGN_STYLE = Automatic;
				CURRENT_PROJECT_VERSION = 1;
				DEVELOPMENT_TEAM = 3FAXVU863A;
				GENERATE_INFOPLIST_FILE = YES;
				IPHONEOS_DEPLOYMENT_TARGET = 18.4;
				MARKETING_VERSION = 1.0;
				PRODUCT_BUNDLE_IDENTIFIER = "com.jestindorius.RandomAPIsPart-2Tests";
				PRODUCT_NAME = "$(TARGET_NAME)";
				SWIFT_EMIT_LOC_STRINGS = NO;
				SWIFT_VERSION = 5.0;
				TARGETED_DEVICE_FAMILY = "1,2";
				TEST_HOST = "$(BUILT_PRODUCTS_DIR)/RandomAPIsPart-2.app/$(BUNDLE_EXECUTABLE_FOLDER_PATH)/RandomAPIsPart-2";
			};
			name = Debug;
		};
		2B7389752DD941A800E59990 /* Release */ = {
			isa = XCBuildConfiguration;
			buildSettings = {
				BUNDLE_LOADER = "$(TEST_HOST)";
				CODE_SIGN_STYLE = Automatic;
				CURRENT_PROJECT_VERSION = 1;
				DEVELOPMENT_TEAM = 3FAXVU863A;
				GENERATE_INFOPLIST_FILE = YES;
				IPHONEOS_DEPLOYMENT_TARGET = 18.4;
				MARKETING_VERSION = 1.0;
				PRODUCT_BUNDLE_IDENTIFIER = "com.jestindorius.RandomAPIsPart-2Tests";
				PRODUCT_NAME = "$(TARGET_NAME)";
				SWIFT_EMIT_LOC_STRINGS = NO;
				SWIFT_VERSION = 5.0;
				TARGETED_DEVICE_FAMILY = "1,2";
				TEST_HOST = "$(BUILT_PRODUCTS_DIR)/RandomAPIsPart-2.app/$(BUNDLE_EXECUTABLE_FOLDER_PATH)/RandomAPIsPart-2";
			};
			name = Release;
		};
		2B7389772DD941A800E59990 /* Debug */ = {
			isa = XCBuildConfiguration;
			buildSettings = {
				CODE_SIGN_STYLE = Automatic;
				CURRENT_PROJECT_VERSION = 1;
				DEVELOPMENT_TEAM = 3FAXVU863A;
				GENERATE_INFOPLIST_FILE = YES;
				MARKETING_VERSION = 1.0;
				PRODUCT_BUNDLE_IDENTIFIER = "com.jestindorius.RandomAPIsPart-2UITests";
				PRODUCT_NAME = "$(TARGET_NAME)";
				SWIFT_EMIT_LOC_STRINGS = NO;
				SWIFT_VERSION = 5.0;
				TARGETED_DEVICE_FAMILY = "1,2";
				TEST_TARGET_NAME = "RandomAPIsPart-2";
			};
			name = Debug;
		};
		2B7389782DD941A800E59990 /* Release */ = {
			isa = XCBuildConfiguration;
			buildSettings = {
				CODE_SIGN_STYLE = Automatic;
				CURRENT_PROJECT_VERSION = 1;
				DEVELOPMENT_TEAM = 3FAXVU863A;
				GENERATE_INFOPLIST_FILE = YES;
				MARKETING_VERSION = 1.0;
				PRODUCT_BUNDLE_IDENTIFIER = "com.jestindorius.RandomAPIsPart-2UITests";
				PRODUCT_NAME = "$(TARGET_NAME)";
				SWIFT_EMIT_LOC_STRINGS = NO;
				SWIFT_VERSION = 5.0;
				TARGETED_DEVICE_FAMILY = "1,2";
				TEST_TARGET_NAME = "RandomAPIsPart-2";
			};
			name = Release;
		};
/* End XCBuildConfiguration section */

/* Begin XCConfigurationList section */
		2B73894A2DD941A600E59990 /* Build configuration list for PBXProject "RandomAPIsPart-2" */ = {
			isa = XCConfigurationList;
			buildConfigurations = (
				2B73896E2DD941A800E59990 /* Debug */,
				2B73896F2DD941A800E59990 /* Release */,
			);
			defaultConfigurationIsVisible = 0;
			defaultConfigurationName = Release;
		};
		2B7389702DD941A800E59990 /* Build configuration list for PBXNativeTarget "RandomAPIsPart-2" */ = {
			isa = XCConfigurationList;
			buildConfigurations = (
				2B7389712DD941A800E59990 /* Debug */,
				2B7389722DD941A800E59990 /* Release */,
			);
			defaultConfigurationIsVisible = 0;
			defaultConfigurationName = Release;
		};
		2B7389732DD941A800E59990 /* Build configuration list for PBXNativeTarget "RandomAPIsPart-2Tests" */ = {
			isa = XCConfigurationList;
			buildConfigurations = (
				2B7389742DD941A800E59990 /* Debug */,
				2B7389752DD941A800E59990 /* Release */,
			);
			defaultConfigurationIsVisible = 0;
			defaultConfigurationName = Release;
		};
		2B7389762DD941A800E59990 /* Build configuration list for PBXNativeTarget "RandomAPIsPart-2UITests" */ = {
			isa = XCConfigurationList;
			buildConfigurations = (
				2B7389772DD941A800E59990 /* Debug */,
				2B7389782DD941A800E59990 /* Release */,
			);
			defaultConfigurationIsVisible = 0;
			defaultConfigurationName = Release;
		};
/* End XCConfigurationList section */
	};
	rootObject = 2B7389472DD941A600E59990 /* Project object */;
}
